
Microsoft Visual Studio Solution File, Format Version 12.00
# Visual Studio Version 16
VisualStudioVersion = 16.0.30413.136
MinimumVisualStudioVersion = 10.0.40219.1
Project("{FAE04EC0-301F-11D3-BF4B-00C04F79EFBC}") = "Storage", "ConsoleApp2\Storage.csproj", "{95CDCFAF-C442-4369-A41E-4D3F64948837}"
EndProject
Global
	GlobalSection(SolutionConfigurationPlatforms) = preSolution
		Debug|Any CPU = Debug|Any CPU
		Release|Any CPU = Release|Any CPU
	EndGlobalSection
	GlobalSection(ProjectConfigurationPlatforms) = postSolution
		{95CDCFAF-C442-4369-A41E-4D3F64948837}.Debug|Any CPU.ActiveCfg = Debug|Any CPU
		{95CDCFAF-C442-4369-A41E-4D3F64948837}.Debug|Any CPU.Build.0 = Debug|Any CPU
		{95CDCFAF-C442-4369-A41E-4D3F64948837}.Release|Any CPU.ActiveCfg = Release|Any CPU
		{95CDCFAF-C442-4369-A41E-4D3F64948837}.Release|Any CPU.Build.0 = Release|Any CPU
	EndGlobalSection
	GlobalSection(SolutionProperties) = preSolution
		HideSolutionNode = FALSE
	EndGlobalSection
	GlobalSection(ExtensibilityGlobals) = postSolution
		SolutionGuid = {0AB136B4-9A77-4CEA-80BF-894F40D1E350}
	EndGlobalSection
EndGlobal
